version = 1
revision = 3
requires-python = ">=3.13"

[[package]]
name = "anyio"
version = "4.14.2"
source = { registry = "https://pypi.org/simple" }
dependencies = [
    { name = "idna" },
]
sdist = { url = "https://files.pythonhosted.org/packages/61/cc/a381afa6efea9f496eff839d4a6a1aed3bfafc7b3ab4b0d1b243a12573dd/anyio-4.14.2.tar.gz", hash = "sha256:cfa139f3ed1a23ee8f88a145ddb5ac7605b8bbfd8592baacd7ce3d8bb4313c7f", size = 260176, upload-time = "2026-07-12T20:29:07.082Z" }
wheels = [
    { url = "https://files.pythonhosted.org/packages/da/35/f2287558c17e29fafc8ef3daf819bb9834061cfa43bff8014f7df7f63bdc/anyio-4.14.2-py3-none-any.whl", hash = "sha256:9f505dda5ac9f0c8309b5e8bd445a8c2bf7246f3ce950121e45ea15bc41d1494", size = 125813, upload-time = "2026-07-12T20:29:05.763Z" },
]

[[package]]
name = "certifi"
version = "2026.6.17"
source = { registry = "https://pypi.org/simple" }
sdist = { url = "https://files.pythonhosted.org/packages/c9/c7/424b75da314c1045981bd9777432fad05a9e0c69daa4ed7e308bbaffe405/certifi-2026.6.17.tar.gz", hash = "sha256:024c88eeec92ca068db80f02b8b07c9cef7b9fe261d1d535abfd5abd6f6af432", size = 134594, upload-time = "2026-06-17T10:31:07.894Z" }
wheels = [
    { url = "https://files.pythonhosted.org/packages/ef/2f/c5464532e965badff2f4c4c1a3a83f5697f0d7c407ed0cda44aaa99bb451/certifi-2026.6.17-py3-none-any.whl", hash = "sha256:2227dcbaafe0d2f59279d1762ddddc37783ed4354594f194ffc31d20f41fc3db", size = 133289, upload-time = "2026-06-17T10:31:06.348Z" },
]

[[package]]
name = "flet"
version = "0.86.0"
source = { registry = "https://pypi.org/simple" }
dependencies = [
    { name = "httpx", marker = "sys_platform != 'emscripten'" },
    { name = "msgpack" },
    { name = "oauthlib", marker = "sys_platform != 'emscripten'" },
    { name = "repath" },
]
sdist = { url = "https://files.pythonhosted.org/packages/f3/f2/9833b238362529b0b09f566f84e88a9a6faf65a000da13d86a0be011783f/flet-0.86.0.tar.gz", hash = "sha256:1e7a34d92ee53ac558ed92d3aaa625fe4556ded93d4bfa24e7ed7676dfbd2721", size = 540930, upload-time = "2026-07-14T21:50:32.691Z" }
wheels = [
    { url = "https://files.pythonhosted.org/packages/73/a1/2cf56e96b794ed340b0e43ee69280d99090196748dce19a1198b2156a78f/flet-0.86.0-py3-none-any.whl", hash = "sha256:1651bdd1396022c823b0c267780f5aa5aff13ec61b79e15cd97986bf20d8b723", size = 620264, upload-time = "2026-07-14T21:50:30.946Z" },
]

[[package]]
name = "h11"
version = "0.16.0"
source = { registry = "https://pypi.org/simple" }
sdist = { url = "https://files.pythonhosted.org/packages/01/ee/02a2c011bdab74c6fb3c75474d40b3052059d95df7e73351460c8588d963/h11-0.16.0.tar.gz", hash = "sha256:4e35b956cf45792e4caa5885e69fba00bdbc6ffafbfa020300e549b208ee5ff1", size = 101250, upload-time = "2025-04-24T03:35:25.427Z" }
wheels = [
    { url = "https://files.pythonhosted.org/packages/04/4b/29cac41a4d98d144bf5f6d33995617b185d14b22401f75ca86f384e87ff1/h11-0.16.0-py3-none-any.whl", hash = "sha256:63cf8bbe7522de3bf65932fda1d9c2772064ffb3dae62d55932da54b31cb6c86", size = 37515, upload-time = "2025-04-24T03:35:24.344Z" },
]

[[package]]
name = "httpcore"
version = "1.0.9"
source = { registry = "https://pypi.org/simple" }
dependencies = [
    { name = "certifi" },
    { name = "h11" },
]
sdist = { url = "https://files.pythonhosted.org/packages/06/94/82699a10bca87a5556c9c59b5963f2d039dbd239f25bc2a63907a05a14cb/httpcore-1.0.9.tar.gz", hash = "sha256:6e34463af53fd2ab5d807f399a9b45ea31c3dfa2276f15a2c3f00afff6e176e8", size = 85484, upload-time = "2025-04-24T22:06:22.219Z" }
wheels = [
    { url = "https://files.pythonhosted.org/packages/7e/f5/f66802a942d491edb555dd61e3a9961140fd64c90bce1eafd741609d334d/httpcore-1.0.9-py3-none-any.whl", hash = "sha256:2d400746a40668fc9dec9810239072b40b4484b640a8c38fd654a024c7a1bf55", size = 78784, upload-time = "2025-04-24T22:06:20.566Z" },
]

[[package]]
name = "httpx"
version = "0.28.1"
source = { registry = "https://pypi.org/simple" }
dependencies = [
    { name = "anyio" },
    { name = "certifi" },
    { name = "httpcore" },
    { name = "idna" },
]
sdist = { url = "https://files.pythonhosted.org/packages/b1/df/48c586a5fe32a0f01324ee087459e112ebb7224f646c0b5023f5e79e9956/httpx-0.28.1.tar.gz", hash = "sha256:75e98c5f16b0f35b567856f597f06ff2270a374470a5c2392242528e3e3e42fc", size = 141406, upload-time = "2024-12-06T15:37:23.222Z" }
wheels = [
    { url = "https://files.pythonhosted.org/packages/2a/39/e50c7c3a983047577ee07d2a9e53faf5a69493943ec3f6a384bdc792deb2/httpx-0.28.1-py3-none-any.whl", hash = "sha256:d909fcccc110f8c7faf814ca82a9a4d816bc5a6dbfea25d6591d6985b8ba59ad", size = 73517, upload-time = "2024-12-06T15:37:21.509Z" },
]

[[package]]
name = "idna"
version = "3.18"
source = { registry = "https://pypi.org/simple" }
sdist = { url = "https://files.pythonhosted.org/packages/cd/63/9496c57188a2ee585e0f1db071d75089a11e98aa86eb99d9d7618fc1edce/idna-3.18.tar.gz", hash = "sha256:ffb385a7e039654cef1ab9ef32c6fafe283c0c0467bba1d9029738ce4a14a848", size = 196711, upload-time = "2026-06-02T14:34:07.794Z" }
wheels = [
    { url = "https://files.pythonhosted.org/packages/1e/5e/d4e9f1a599fb8e573b7b87160658329fbf28d19eac2718f51fc3def3aa5a/idna-3.18-py3-none-any.whl", hash = "sha256:7f952cbe720b688055e3f87de14f5c3e5fdaa8bc3928985c4077ca689de849a2", size = 65455, upload-time = "2026-06-02T14:34:06.319Z" },
]

[[package]]
name = "msgpack"
version = "1.2.1"
source = { registry = "https://pypi.org/simple" }
sdist = { url = "https://files.pythonhosted.org/packages/31/f9/c0a1c127f9049db9155afc316952ea571720dd01833ff5e4d7e8e6352dbb/msgpack-1.2.1.tar.gz", hash = "sha256:04c721c2c7448767e9e3f2520a475663d8ee0f09c31890f6d2bd70fd636a9647", size = 183960, upload-time = "2026-06-18T16:13:52.594Z" }
wheels = [
    { url = "https://files.pythonhosted.org/packages/b0/ac/dcddcab6f6c20ecb387ca5e980371cdb3f87ff69aeca388be97eebc4c074/msgpack-1.2.1-cp313-cp313-macosx_10_13_x86_64.whl", hash = "sha256:0a70e3cf2804a300d921bb0940426e35f4e489a23adfb77a808892241db0a064", size = 83151, upload-time = "2026-06-18T16:13:12.173Z" },
    { url = "https://files.pythonhosted.org/packages/64/71/fbcfa83a1d6a9c6091942d1cfd070962244664b87427a9a49a6897b1b219/msgpack-1.2.1-cp313-cp313-macosx_11_0_arm64.whl", hash = "sha256:491cc39455ca765fad51fb451bf2915eb2cf41192ab5801ce8d67c1d614fe056", size = 82351, upload-time = "2026-06-18T16:13:13.194Z" },
    { url = "https://files.pythonhosted.org/packages/e3/10/ddf7b06db879e8792d13934ddda09ff20bd2a583fd84c9b59aae9b0e650b/msgpack-1.2.1-cp313-cp313-manylinux2014_aarch64.manylinux_2_17_aarch64.manylinux_2_28_aarch64.whl", hash = "sha256:f310233ef7fb9c14e201c93639fe5f5260b005f56f0b29048e999c30935596cc", size = 407518, upload-time = "2026-06-18T16:13:14.233Z" },
    { url = "https://files.pythonhosted.org/packages/79/d3/36a46a8ed992b781acbc05928bd5bee3c810cb0c3563bf81a7b0c04a1a76/msgpack-1.2.1-cp313-cp313-manylinux2014_x86_64.manylinux_2_17_x86_64.manylinux_2_28_x86_64.whl", hash = "sha256:787c9bebb5833e8f6fc8abca3c0597683d8d87f56a8842b6b89c75a5f3176e2d", size = 416405, upload-time = "2026-06-18T16:13:15.435Z" },
    { url = "https://files.pythonhosted.org/packages/f9/84/e8e9598b557c0ba6ddae901a73780a4c75ac667dddf59414b1e56a42fb34/msgpack-1.2.1-cp313-cp313-manylinux_2_31_riscv64.manylinux_2_39_riscv64.whl", hash = "sha256:dc871b997a9370d855b7394465f2f350e847a5b806dd38dcc9c989e7d87da155", size = 376257, upload-time = "2026-06-18T16:13:17.022Z" },
    { url = "https://files.pythonhosted.org/packages/40/16/738fe6d875ad7e2a9429c165322a4ec088f4f273cdfae63d96a89c467961/msgpack-1.2.1-cp313-cp313-musllinux_1_2_aarch64.whl", hash = "sha256:85f57e960d877f2977f6430896191b04a21f8901b3b4baf2e4604329f4db5402", size = 397469, upload-time = "2026-06-18T16:13:18.287Z" },
    { url = "https://files.pythonhosted.org/packages/ca/be/6d5952df75a7f24f35833af764c3a6860780364cb3a0030beb8099e1b2b4/msgpack-1.2.1-cp313-cp313-musllinux_1_2_riscv64.whl", hash = "sha256:1233ee2dd0cefba127583de50ea654677277047d238303521db35def3d7b2e7c", size = 372802, upload-time = "2026-06-18T16:13:19.685Z" },
    { url = "https://files.pythonhosted.org/packages/e1/39/e2ef7dbf0473bcb8dc7c50bf782a892d67414877b63e47fc88eb189ef5e6/msgpack-1.2.1-cp313-cp313-musllinux_1_2_x86_64.whl", hash = "sha256:e3dc2feb0876209d9c38aa56cb1de169bd6c4348f1aa48271f241226590993e6", size = 411273, upload-time = "2026-06-18T16:13:21.028Z" },
    { url = "https://files.pythonhosted.org/packages/ef/c5/133f4512a56e983a93445c836c9d94d88f3bc2e0980ff4b9e577bd8416ce/msgpack-1.2.1-cp313-cp313-win32.whl", hash = "sha256:6d09badf350af2be9d189184e04e64cf54ad93569ab3d96fca58bd3e84aad707", size = 64471, upload-time = "2026-06-18T16:13:22.293Z" },
    { url = "https://files.pythonhosted.org/packages/e2/98/577e10b055096a7dd40732358cabaf7180a20c79ed1dcdbb618e4b9deac7/msgpack-1.2.1-cp313-cp313-win_amd64.whl", hash = "sha256:33f14fba63278b714efe6ad07e50ea5f03d91537aa6a1c5f1ceca4cf44013ca9", size = 71274, upload-time = "2026-06-18T16:13:23.455Z" },
    { url = "https://files.pythonhosted.org/packages/ba/ee/0c0048e7cfbef23c6a94791b8959ab28155232e7956de8a305b5ff588f05/msgpack-1.2.1-cp313-cp313-win_arm64.whl", hash = "sha256:afc5febcd4c99effbc02b528e49d6fd0760b2b7d48c05239e345a5fa6e743d9a", size = 64795, upload-time = "2026-06-18T16:13:24.687Z" },
    { url = "https://files.pythonhosted.org/packages/77/58/cce442852c6b9e1639c7c8ac8fd9143121cb32dab0f308df4d1426a8eb9c/msgpack-1.2.1-cp314-cp314-macosx_10_15_x86_64.whl", hash = "sha256:05f340e47e7e47d2da8db9b53e1bb1d294369e9ef45a747441309f6650b8351d", size = 83610, upload-time = "2026-06-18T16:13:25.724Z" },
    { url = "https://files.pythonhosted.org/packages/60/5c/15b4c7a0182f75ffa90751958ba36a9c01cafee367d49a3edc10ed140b01/msgpack-1.2.1-cp314-cp314-macosx_11_0_arm64.whl", hash = "sha256:810b916696c86ef0deb3b74588480224df4c1b071136c34183e4a2a4284d7ac7", size = 83138, upload-time = "2026-06-18T16:13:26.781Z" },
    { url = "https://files.pythonhosted.org/packages/b8/a6/99e58722feaffc5f2fbcc0c8c0d1451ab9f84097f7af87291b46af2390f4/msgpack-1.2.1-cp314-cp314-manylinux2014_aarch64.manylinux_2_17_aarch64.manylinux_2_28_aarch64.whl", hash = "sha256:ca0dacff965c47afdc3749a8469d7302a8f801d6a28758d55120d75e66ce6889", size = 406090, upload-time = "2026-06-18T16:13:28.072Z" },
    { url = "https://files.pythonhosted.org/packages/19/03/8c63e8cf52958534ef688625965ab04c269a6cadd8caef16758b380a821a/msgpack-1.2.1-cp314-cp314-manylinux2014_x86_64.manylinux_2_17_x86_64.manylinux_2_28_x86_64.whl", hash = "sha256:0e2bf9280bceb5efca998435904b5d3e9fdbcc11d90dc9df30aec7973252b720", size = 412106, upload-time = "2026-06-18T16:13:29.427Z" },
    { url = "https://files.pythonhosted.org/packages/63/d2/155d9e71b40e41fd934bc0c48b9b2770f22263e1ac20aad8e29fdca7be3f/msgpack-1.2.1-cp314-cp314-manylinux_2_31_riscv64.manylinux_2_39_riscv64.whl", hash = "sha256:aa6c4be5d1c02a42b066ca6ddb71adf36432868fdcdb6ee87e634e86e0674190", size = 374851, upload-time = "2026-06-18T16:13:30.631Z" },
    { url = "https://files.pythonhosted.org/packages/98/48/deaf2326262a8d5ea3295ce9649912ecd3f551ba7ec8e33c665d2ba583f3/msgpack-1.2.1-cp314-cp314-musllinux_1_2_aarch64.whl", hash = "sha256:ec0e675d59150a6269ddc9139087c722292664a37d071a849c05c473350f1f2d", size = 396168, upload-time = "2026-06-18T16:13:31.977Z" },
    { url = "https://files.pythonhosted.org/packages/10/2a/b4410f906c2ec0008f1608d3ab5143afc3ad3f4e6da0fed3ea2231d0bef4/msgpack-1.2.1-cp314-cp314-musllinux_1_2_riscv64.whl", hash = "sha256:dd3bfe82d53edfe4b7fc9a7ec9761e23a7a5b1dac22264505af428253c29ed24", size = 371959, upload-time = "2026-06-18T16:13:33.282Z" },
    { url = "https://files.pythonhosted.org/packages/59/86/1edc67270099a528fa2093ea60fe191233cd238e4bd30cfacf7db79fc959/msgpack-1.2.1-cp314-cp314-musllinux_1_2_x86_64.whl", hash = "sha256:5ad5467fc3f68b5468e06c5f788d712e9f8ffc8b0cd1bcb160c105c1ee92dae7", size = 408457, upload-time = "2026-06-18T16:13:34.567Z" },
    { url = "https://files.pythonhosted.org/packages/82/90/8b630fef07d8c5ab457b71ff2c217910c83d333c7a68472c186e87cc504a/msgpack-1.2.1-cp314-cp314-win32.whl", hash = "sha256:98b58bdb89c46190e4609bb36abe17c6d4105ad13f9c5f8f6f64d320f8ced3fb", size = 65942, upload-time = "2026-06-18T16:13:36.056Z" },
    { url = "https://files.pythonhosted.org/packages/16/f1/467b81e98b24dd3885d7b1857728797b4ffc76a7a7483af4fb321a07de3c/msgpack-1.2.1-cp314-cp314-win_amd64.whl", hash = "sha256:74847557e28ce71bd3c438a447ca90e4b507e997ddbdef8a12a7b283b86c156b", size = 72627, upload-time = "2026-06-18T16:13:37.079Z" },
    { url = "https://files.pythonhosted.org/packages/a7/1d/5d8c4c89985feb6acefb82a09e501c60392261856d2408d20bfe4f0360b1/msgpack-1.2.1-cp314-cp314-win_arm64.whl", hash = "sha256:b50b727bd652bdc37d950336c848ef20ec54a4cafc38dce19b1cd86ad625d0f7", size = 66908, upload-time = "2026-06-18T16:13:38.23Z" },
    { url = "https://files.pythonhosted.org/packages/1b/02/ad2afb678b4de94496cd432b581759b756a92c1192d8c767edd6b132efdc/msgpack-1.2.1-cp314-cp314t-macosx_10_15_x86_64.whl", hash = "sha256:8d00f177ca88a77c1cf848d204a38f249751650b601cb6532acc68805d8a8273", size = 86000, upload-time = "2026-06-18T16:13:39.44Z" },
    { url = "https://files.pythonhosted.org/packages/54/74/0b797484013128837f3b1cbb6cea019277c4de4e377dc512b4d9a0f92940/msgpack-1.2.1-cp314-cp314t-macosx_11_0_arm64.whl", hash = "sha256:5bb9c386f0a329c035ddbab4b72d1028bf9627add8dda41070288563d57ed1b1", size = 86544, upload-time = "2026-06-18T16:13:40.447Z" },
    { url = "https://files.pythonhosted.org/packages/a9/b4/b774d7eb95561739907fec675582f83203cf41c597a418c2589b4bfb8e9d/msgpack-1.2.1-cp314-cp314t-manylinux2014_aarch64.manylinux_2_17_aarch64.manylinux_2_28_aarch64.whl", hash = "sha256:20466cca18c49c7292a8984bc15d65857b171e7264bdcb5f96baf8be238791fc", size = 427661, upload-time = "2026-06-18T16:13:41.574Z" },
    { url = "https://files.pythonhosted.org/packages/b2/f9/3243191dc9937e00756c8bc1b0272fed8f23758e43df2a3b46f533e5090f/msgpack-1.2.1-cp314-cp314t-manylinux2014_x86_64.manylinux_2_17_x86_64.manylinux_2_28_x86_64.whl", hash = "sha256:196300e7e5d6e74d50f1607ab9c06c4a1484c383cd22defd727902591f7e8dde", size = 426375, upload-time = "2026-06-18T16:13:42.936Z" },
    { url = "https://files.pythonhosted.org/packages/23/c7/1693111db9944ba4ad4b67a1e788400d78a0b6af7a6523dc7e4e58f8274b/msgpack-1.2.1-cp314-cp314t-manylinux_2_31_riscv64.manylinux_2_39_riscv64.whl", hash = "sha256:575957e79cd51903a4e8495a242442949641e08f1efd5197b43bebd3ea7682b4", size = 380495, upload-time = "2026-06-18T16:13:44.306Z" },
    { url = "https://files.pythonhosted.org/packages/3e/2b/92f86956a0c13e8662f7e2ad630c4eb4db07497b967589bd5245e018b2c1/msgpack-1.2.1-cp314-cp314t-musllinux_1_2_aarch64.whl", hash = "sha256:8c2ed1e48cc0f460bf3c7780e7137ff21a4e18433451916f2442c1b21036cd7d", size = 410897, upload-time = "2026-06-18T16:13:45.629Z" },
    { url = "https://files.pythonhosted.org/packages/da/ea/1479f72d200313a76fc2f823a79d1e07ed052ab7b8a0280640aa7b95de42/msgpack-1.2.1-cp314-cp314t-musllinux_1_2_riscv64.whl", hash = "sha256:5f6277e5f783c36786a145e0247fc189a03f35f84b251646e53592d2bc12b355", size = 378519, upload-time = "2026-06-18T16:13:46.998Z" },
    { url = "https://files.pythonhosted.org/packages/f5/4d/fa006060ffa1011d32bfae826fe766fe73e02982183601633b7121058ab3/msgpack-1.2.1-cp314-cp314t-musllinux_1_2_x86_64.whl", hash = "sha256:f9389552ecf4784886345ead0647e4edc96bee37cbab05b75540f542f766c48c", size = 419815, upload-time = "2026-06-18T16:13:48.205Z" },
    { url = "https://files.pythonhosted.org/packages/2f/e1/aab6c946570496b78e67804721f3d5e2d62a93081b9b37df77764ef56347/msgpack-1.2.1-cp314-cp314t-win32.whl", hash = "sha256:c1c79a604a2969a868a78b6ebd27a887e00c624f14f66b3038e0590cb23332d1", size = 70914, upload-time = "2026-06-18T16:13:49.385Z" },
    { url = "https://files.pythonhosted.org/packages/13/0a/e608956488a2af014cfe6e3d665e090b8ee42aa14b07f8f95b8880d66b09/msgpack-1.2.1-cp314-cp314t-win_amd64.whl", hash = "sha256:f12038a35fabd52e56a3547bab42401af49a45caa6dd00b34c44de235bc93ee2", size = 77999, upload-time = "2026-06-18T16:13:50.467Z" },
    { url = "https://files.pythonhosted.org/packages/d2/8a/27e2e57055176e366a46b85d02d68e7a5bcfbdd8474c9706375d965f24d3/msgpack-1.2.1-cp314-cp314t-win_arm64.whl", hash = "sha256:0adcf06ffde0777c0e1a9b771a2b1c4226ba1bbf748c8efcc02fcdeca3299107", size = 71160, upload-time = "2026-06-18T16:13:51.498Z" },
]

[[package]]
name = "oauthlib"
version = "3.3.1"
source = { registry = "https://pypi.org/simple" }
sdist = { url = "https://files.pythonhosted.org/packages/0b/5f/19930f824ffeb0ad4372da4812c50edbd1434f678c90c2733e1188edfc63/oauthlib-3.3.1.tar.gz", hash = "sha256:0f0f8aa759826a193cf66c12ea1af1637f87b9b4622d46e866952bb022e538c9", size = 185918, upload-time = "2025-06-19T22:48:08.269Z" }
wheels = [
    { url = "https://files.pythonhosted.org/packages/be/9c/92789c596b8df838baa98fa71844d84283302f7604ed565dafe5a6b5041a/oauthlib-3.3.1-py3-none-any.whl", hash = "sha256:88119c938d2b8fb88561af5f6ee0eec8cc8d552b7bb1f712743136eb7523b7a1", size = 160065, upload-time = "2025-06-19T22:48:06.508Z" },
]

[[package]]
name = "pymupdf"
version = "1.28.0"
source = { registry = "https://pypi.org/simple" }
sdist = { url = "https://files.pythonhosted.org/packages/8e/e9/6d6c5d6c0a3551bffd47681a6240caf941727f195b45593cf20ab36f018f/pymupdf-1.28.0.tar.gz", hash = "sha256:e53f3567403a92da15caa9e7ae0164327fff48817e9f40175367fb9de524258d", size = 87637751, upload-time = "2026-06-29T09:08:47.547Z" }
wheels = [
    { url = "https://files.pythonhosted.org/packages/c8/b7/88043e38cc7529de070f0c9bd267fa258035cca0b4ad5260536b994594a7/pymupdf-1.28.0-cp310-abi3-macosx_10_15_x86_64.whl", hash = "sha256:892b89ba88e8f98b53133b62877a9dc9b5e7dc6a4aeb837b612db56a8d2e03ac", size = 24597385, upload-time = "2026-06-29T09:03:30.608Z" },
    { url = "https://files.pythonhosted.org/packages/33/f4/23775bbda0781b61fc398cc75079a2b0e64696d8fcf93271748883e9627e/pymupdf-1.28.0-cp310-abi3-macosx_11_0_arm64.whl", hash = "sha256:4d692dcf44d3566ae96bc6f6346c6ad432274a29ba617bf7a9fe18009e24adb4", size = 23828292, upload-time = "2026-06-29T09:03:46.129Z" },
    { url = "https://files.pythonhosted.org/packages/1c/f5/bf75fc7a415722f8b33662054f82d88520c0cbfd4c36d0e08aeaec605e49/pymupdf-1.28.0-cp310-abi3-manylinux_2_28_aarch64.whl", hash = "sha256:47a5c29ed4eb0744de9c4e37bb49b1259b18d4d75fcc8a7c130f7c9fa15956f6", size = 25045507, upload-time = "2026-06-29T09:04:03.86Z" },
    { url = "https://files.pythonhosted.org/packages/58/69/5d12c9f1f2d76f28383d6110a069c79fbfced5a4f97bb1ee6e8354f52bb7/pymupdf-1.28.0-cp310-abi3-manylinux_2_28_x86_64.whl", hash = "sha256:44f0973f5e5edbaec95bc34b64e71d1959d4ee90b1328de1b4f4f5b4fa78673f", size = 25716599, upload-time = "2026-06-29T09:04:19.367Z" },
    { url = "https://files.pythonhosted.org/packages/4d/b4/ec0e017bc42857cc86bd651441dbc41cc18be48d4698ecd27aac491e0c9a/pymupdf-1.28.0-cp310-abi3-musllinux_1_2_x86_64.whl", hash = "sha256:4d61ec323a706e153a12e262e51febfb43eeaa20977785ace135d18d48bcdc83", size = 25940489, upload-time = "2026-06-29T09:04:36.624Z" },
    { url = "https://files.pythonhosted.org/packages/06/86/f831fef09013f33b3c9c09fb3923f2ff53e1e437f6ace14b8ae46392f558/pymupdf-1.28.0-cp310-abi3-win32.whl", hash = "sha256:caea2b3b67347fd79e5d15ed7929b0e886aac594ea228073b6d39de0078189da", size = 18489703, upload-time = "2026-06-29T20:50:30.599Z" },
    { url = "https://files.pythonhosted.org/packages/2e/5d/1a03f53eb0449900469335fcfc742ca28e3ba159b7d650e0921d50b8b308/pymupdf-1.28.0-cp310-abi3-win_amd64.whl", hash = "sha256:e01e90fd86abfeb37ceb921eddb951f988a11d45ff6ce6b7664f2039849068ec", size = 19773102, upload-time = "2026-06-29T09:04:49.773Z" },
    { url = "https://files.pythonhosted.org/packages/72/f6/1e52ce243ca792254f6223b4017c5667194c146ce9b88baf37bc5eb3d1c9/pymupdf-1.28.0-cp313-abi3-pyemscripten_2025_0_wasm32.whl", hash = "sha256:74c6d00ba2a9aad3a635db73b07c15db462b480741d831a34a75a56535ebc22b", size = 18357011, upload-time = "2026-06-29T20:50:50.353Z" },
    { url = "https://files.pythonhosted.org/packages/62/b1/46b5b3d8ef3cc71114667cf10c4d8b33f39af97253af32e9a0986775b638/pymupdf-1.28.0-cp314-cp314t-manylinux_2_28_x86_64.whl", hash = "sha256:b3e1399c7a64c6914239116a369efcdaac4cfb9e838bde2656d7accc4a85c72d", size = 25753599, upload-time = "2026-06-29T09:05:09.398Z" },
]

[[package]]
name = "repath"
version = "0.9.0"
source = { registry = "https://pypi.org/simple" }
dependencies = [
    { name = "six" },
]
sdist = { url = "https://files.pythonhosted.org/packages/65/e1/824989291d0f01886074fdf9504ba54598f5665bc4dd373b589b87e76608/repath-0.9.0.tar.gz", hash = "sha256:8292139bac6a0e43fd9d70605d4e8daeb25d46672e484ed31a24c7ce0aef0fb7", size = 5492, upload-time = "2019-10-08T00:25:22.3Z" }
wheels = [
    { url = "https://files.pythonhosted.org/packages/87/ed/92e9b8a3ffc562f21df14ef2538f54e911df29730e1f0d79130a4edc86e7/repath-0.9.0-py3-none-any.whl", hash = "sha256:ee079d6c91faeb843274d22d8f786094ee01316ecfe293a1eb6546312bb6a318", size = 4738, upload-time = "2019-10-08T00:25:20.842Z" },
]

[[package]]
name = "six"
version = "1.17.0"
source = { registry = "https://pypi.org/simple" }
sdist = { url = "https://files.pythonhosted.org/packages/94/e7/b2c673351809dca68a0e064b6af791aa332cf192da575fd474ed7d6f16a2/six-1.17.0.tar.gz", hash = "sha256:ff70335d468e7eb6ec65b95b99d3a2836546063f63acc5171de367e834932a81", size = 34031, upload-time = "2024-12-04T17:35:28.174Z" }
wheels = [
    { url = "https://files.pythonhosted.org/packages/b7/ce/149a00dd41f10bc29e5921b496af8b574d8413afcd5e30dfa0ed46c2cc5e/six-1.17.0-py2.py3-none-any.whl", hash = "sha256:4721f391ed90541fddacab5acf947aa0d3dc7d27b2e1e8eda2be8970586c3274", size = 11050, upload-time = "2024-12-04T17:35:26.475Z" },
]

[[package]]
name = "spypdf"
version = "1.3.6"
source = { virtual = "." }
dependencies = [
    { name = "flet" },
    { name = "pymupdf" },
]

[package.metadata]
requires-dist = [
    { name = "flet", specifier = ">=0.86.0" },
    { name = "pymupdf", specifier = ">=1.28.0" },
]
